{
  "version": "3",
  "packages": {
    "specifiers": {
      "jsr:@std/assert@1": "jsr:@std/assert@1.0.7",
      "jsr:@std/internal@^1.0.5": "jsr:@std/internal@1.0.5",
      "npm:nostr-fetch@^0.17.0": "npm:nostr-fetch@0.17.0"
    },
    "jsr": {
      "@std/assert@1.0.7": {
        "integrity": "64ce9fac879e0b9f3042a89b3c3f8ccfc9c984391af19e2087513a79d73e28c3",
        "dependencies": [
          "jsr:@std/internal@^1.0.5"
        ]
      },
      "@std/internal@1.0.5": {
        "integrity": "54a546004f769c1ac9e025abd15a76b6671ddc9687e2313b67376125650dc7ba"
      }
    },
    "npm": {
      "@noble/curves@1.6.0": {
        "integrity": "sha512-TlaHRXDehJuRNR9TfZDNQ45mMEd5dwUwmicsafcIX4SsNiqnCHKjE/1alYPd/lDRVhxdhUAlv8uEhMCI5zjIJQ==",
        "dependencies": {
          "@noble/hashes": "@noble/hashes@1.5.0"
        }
      },
      "@noble/hashes@1.5.0": {
        "integrity": "sha512-1j6kQFb7QRru7eKN3ZDvRcP13rugwdxZqCjbiAVZfIJwgj2A65UmT4TgARXGlXgnRkORLTDTrO19ZErt7+QXgA==",
        "dependencies": {}
      },
      "@nostr-fetch/kernel@0.17.0": {
        "integrity": "sha512-r0EdueKQlMRqCqOIPUS53UrVl8AbWWnV03PNQn78MLvwCPqq9c+IPY93dh9nL3GWZOB0oTRkBJ3/sgIzDL3iOw==",
        "dependencies": {
          "@noble/curves": "@noble/curves@1.6.0",
          "@noble/hashes": "@noble/hashes@1.5.0"
        }
      },
      "nostr-fetch@0.17.0": {
        "integrity": "sha512-Q0k12uTB5Cj4zTe5ZNsyr7dBMxZrncU+7UNH8G9Z6zyEERVoPT5Z49vNCVDw8yvFwzslKiWeoT143NF/9FlKbQ==",
        "dependencies": {
          "@nostr-fetch/kernel": "@nostr-fetch/kernel@0.17.0"
        }
      }
    }
  },
  "remote": {},
  "workspace": {
    "dependencies": [
      "jsr:@std/assert@1",
      "npm:nostr-fetch@^0.17.0"
    ]
  }
}
